
Microsoft Visual Studio Solution File, Format Version 12.00
# Visual Studio Version 17
VisualStudioVersion = 17.9.34723.18
MinimumVisualStudioVersion = 10.0.40219.1
Project("{FAE04EC0-301F-11D3-BF4B-00C04F79EFBC}") = "Temperatures", "Temperatures\Temperatures.csproj", "{69F94F6D-F2A7-46B2-A457-4852FC83BE3A}"
EndProject
Global
	GlobalSection(SolutionConfigurationPlatforms) = preSolution
		Debug|Any CPU = Debug|Any CPU
		Release|Any CPU = Release|Any CPU
	EndGlobalSection
	GlobalSection(ProjectConfigurationPlatforms) = postSolution
		{69F94F6D-F2A7-46B2-A457-4852FC83BE3A}.Debug|Any CPU.ActiveCfg = Debug|Any CPU
		{69F94F6D-F2A7-46B2-A457-4852FC83BE3A}.Debug|Any CPU.Build.0 = Debug|Any CPU
		{69F94F6D-F2A7-46B2-A457-4852FC83BE3A}.Release|Any CPU.ActiveCfg = Release|Any CPU
		{69F94F6D-F2A7-46B2-A457-4852FC83BE3A}.Release|Any CPU.Build.0 = Release|Any CPU
	EndGlobalSection
	GlobalSection(SolutionProperties) = preSolution
		HideSolutionNode = FALSE
	EndGlobalSection
	GlobalSection(ExtensibilityGlobals) = postSolution
		SolutionGuid = {1596F1FB-EF03-402A-9CA1-2BA1377B8CD9}
	EndGlobalSection
EndGlobal
